# This file is automatically @generated by Poetry and should not be changed by hand.

[[package]]
name = "dill"
version = "0.3.6"
description = "serialize all of python"
category = "main"
optional = false
python-versions = ">=3.7"
files = [
    {file = "dill-0.3.6-py3-none-any.whl", hash = "sha256:a07ffd2351b8c678dfc4a856a3005f8067aea51d6ba6c700796a4d9e280f39f0"},
    {file = "dill-0.3.6.tar.gz", hash = "sha256:e5db55f3687856d8fbdab002ed78544e1c4559a130302693d839dfe8f93f2373"},
]

[package.extras]
graph = ["objgraph (>=1.7.2)"]

[[package]]
name = "termcolor"
version = "2.2.0"
description = "ANSI color formatting for output in terminal"
category = "main"
optional = false
python-versions = ">=3.7"
files = [
    {file = "termcolor-2.2.0-py3-none-any.whl", hash = "sha256:91ddd848e7251200eac969846cbae2dacd7d71c2871e92733289e7e3666f48e7"},
    {file = "termcolor-2.2.0.tar.gz", hash = "sha256:dfc8ac3f350788f23b2947b3e6cfa5a53b630b612e6cd8965a015a776020b99a"},
]

[package.extras]
tests = ["pytest", "pytest-cov"]

[metadata]
lock-version = "2.0"
python-versions = "^3.10"
content-hash = "d1cc3f0bca456272ea94d95379642711dd49aecf9ca22604e17435b23e639c56"
